
Microsoft Visual Studio Solution File, Format Version 12.00
# Visual Studio 14
VisualStudioVersion = 14.0.22310.1
MinimumVisualStudioVersion = 10.0.40219.1
Project("{2150E333-8FDC-42A3-9474-1A3956D46DE8}") = "src", "src", "{0B73EDC5-7912-4D0E-8F31-B3C8D5CD7A16}"
EndProject
Project("{2150E333-8FDC-42A3-9474-1A3956D46DE8}") = "Solution Items", "Solution Items", "{C9774D55-F575-43B4-8642-2449240A6BA5}"
	ProjectSection(SolutionItems) = preProject
		global.json = global.json
	EndProjectSection
EndProject
Project("{8BB2217D-0F2D-49D1-97BC-3654ED321F3B}") = "ttalviste.web", "src\ttalviste.web\ttalviste.web.kproj", "{C9B59ABC-42C2-401A-8B6E-A4BBC5F566EB}"
EndProject
Project("{8BB2217D-0F2D-49D1-97BC-3654ED321F3B}") = "ttalviste.common", "src\ttalviste.common\ttalviste.common.kproj", "{40562387-23B8-4D3B-B8BA-8BADA5D1296A}"
EndProject
Global
	GlobalSection(SolutionConfigurationPlatforms) = preSolution
		Debug|Any CPU = Debug|Any CPU
		Release|Any CPU = Release|Any CPU
	EndGlobalSection
	GlobalSection(ProjectConfigurationPlatforms) = postSolution
		{C9B59ABC-42C2-401A-8B6E-A4BBC5F566EB}.Debug|Any CPU.ActiveCfg = Debug|Any CPU
		{C9B59ABC-42C2-401A-8B6E-A4BBC5F566EB}.Debug|Any CPU.Build.0 = Debug|Any CPU
		{C9B59ABC-42C2-401A-8B6E-A4BBC5F566EB}.Release|Any CPU.ActiveCfg = Release|Any CPU
		{C9B59ABC-42C2-401A-8B6E-A4BBC5F566EB}.Release|Any CPU.Build.0 = Release|Any CPU
		{40562387-23B8-4D3B-B8BA-8BADA5D1296A}.Debug|Any CPU.ActiveCfg = Debug|Any CPU
		{40562387-23B8-4D3B-B8BA-8BADA5D1296A}.Debug|Any CPU.Build.0 = Debug|Any CPU
		{40562387-23B8-4D3B-B8BA-8BADA5D1296A}.Release|Any CPU.ActiveCfg = Release|Any CPU
		{40562387-23B8-4D3B-B8BA-8BADA5D1296A}.Release|Any CPU.Build.0 = Release|Any CPU
	EndGlobalSection
	GlobalSection(SolutionProperties) = preSolution
		HideSolutionNode = FALSE
	EndGlobalSection
	GlobalSection(NestedProjects) = preSolution
		{C9B59ABC-42C2-401A-8B6E-A4BBC5F566EB} = {0B73EDC5-7912-4D0E-8F31-B3C8D5CD7A16}
		{40562387-23B8-4D3B-B8BA-8BADA5D1296A} = {0B73EDC5-7912-4D0E-8F31-B3C8D5CD7A16}
	EndGlobalSection
EndGlobal
